{
  "lockfileVersion": 1,
  "workspaces": {
    "": {
      "name": "inventarealo-back",
      "dependencies": {
        "@elysiajs/bearer": "1.2.0",
        "@elysiajs/cors": "1.2.0",
        "@elysiajs/swagger": "1.2.0",
        "@zodyac/zod-mongoose": "3.2.0",
        "argon2": "0.41.1",
        "concurrently": "9.1.2",
        "elysia": "latest",
        "firebase": "11.2.0",
        "mongoose": "8.9.6",
        "uuidv4": "6.2.13",
        "zod": "3.24.1",
      },
      "devDependencies": {
        "@biomejs/biome": "1.9.4",
        "bun-types": "latest",
      },
    },
  },
  "packages": {
    "@biomejs/biome": ["@biomejs/biome@1.9.4", "", { "optionalDependencies": { "@biomejs/cli-darwin-arm64": "1.9.4", "@biomejs/cli-darwin-x64": "1.9.4", "@biomejs/cli-linux-arm64": "1.9.4", "@biomejs/cli-linux-arm64-musl": "1.9.4", "@biomejs/cli-linux-x64": "1.9.4", "@biomejs/cli-linux-x64-musl": "1.9.4", "@biomejs/cli-win32-arm64": "1.9.4", "@biomejs/cli-win32-x64": "1.9.4" }, "bin": { "biome": "bin/biome" } }, "sha512-1rkd7G70+o9KkTn5KLmDYXihGoTaIGO9PIIN2ZB7UJxFrWw04CZHPYiMRjYsaDvVV7hP1dYNRLxSANLaBFGpog=="],

    "@biomejs/cli-darwin-arm64": ["@biomejs/cli-darwin-arm64@1.9.4", "", { "os": "darwin", "cpu": "arm64" }, "sha512-bFBsPWrNvkdKrNCYeAp+xo2HecOGPAy9WyNyB/jKnnedgzl4W4Hb9ZMzYNbf8dMCGmUdSavlYHiR01QaYR58cw=="],

    "@biomejs/cli-darwin-x64": ["@biomejs/cli-darwin-x64@1.9.4", "", { "os": "darwin", "cpu": "x64" }, "sha512-ngYBh/+bEedqkSevPVhLP4QfVPCpb+4BBe2p7Xs32dBgs7rh9nY2AIYUL6BgLw1JVXV8GlpKmb/hNiuIxfPfZg=="],

    "@biomejs/cli-linux-arm64": ["@biomejs/cli-linux-arm64@1.9.4", "", { "os": "linux", "cpu": "arm64" }, "sha512-fJIW0+LYujdjUgJJuwesP4EjIBl/N/TcOX3IvIHJQNsAqvV2CHIogsmA94BPG6jZATS4Hi+xv4SkBBQSt1N4/g=="],

    "@biomejs/cli-linux-arm64-musl": ["@biomejs/cli-linux-arm64-musl@1.9.4", "", { "os": "linux", "cpu": "arm64" }, "sha512-v665Ct9WCRjGa8+kTr0CzApU0+XXtRgwmzIf1SeKSGAv+2scAlW6JR5PMFo6FzqqZ64Po79cKODKf3/AAmECqA=="],

    "@biomejs/cli-linux-x64": ["@biomejs/cli-linux-x64@1.9.4", "", { "os": "linux", "cpu": "x64" }, "sha512-lRCJv/Vi3Vlwmbd6K+oQ0KhLHMAysN8lXoCI7XeHlxaajk06u7G+UsFSO01NAs5iYuWKmVZjmiOzJ0OJmGsMwg=="],

    "@biomejs/cli-linux-x64-musl": ["@biomejs/cli-linux-x64-musl@1.9.4", "", { "os": "linux", "cpu": "x64" }, "sha512-gEhi/jSBhZ2m6wjV530Yy8+fNqG8PAinM3oV7CyO+6c3CEh16Eizm21uHVsyVBEB6RIM8JHIl6AGYCv6Q6Q9Tg=="],

    "@biomejs/cli-win32-arm64": ["@biomejs/cli-win32-arm64@1.9.4", "", { "os": "win32", "cpu": "arm64" }, "sha512-tlbhLk+WXZmgwoIKwHIHEBZUwxml7bRJgk0X2sPyNR3S93cdRq6XulAZRQJ17FYGGzWne0fgrXBKpl7l4M87Hg=="],

    "@biomejs/cli-win32-x64": ["@biomejs/cli-win32-x64@1.9.4", "", { "os": "win32", "cpu": "x64" }, "sha512-8Y5wMhVIPaWe6jw2H+KlEm4wP/f7EW3810ZLmDlrEEy5KvBsb9ECEfu/kMWD484ijfQ8+nIi0giMgu9g1UAuuA=="],

    "@elysiajs/bearer": ["@elysiajs/bearer@1.2.0", "", { "peerDependencies": { "elysia": ">= 1.2.0" } }, "sha512-orr0XHhc99JgtxQlKhnTPRqRlYrE9MDW+v1IMcs9Uy+bEMbohAkK1zmbi05tO7P2UT9t4Xl6pHF/R0WD71ZpCQ=="],

    "@elysiajs/cors": ["@elysiajs/cors@1.2.0", "", { "peerDependencies": { "elysia": ">= 1.2.0" } }, "sha512-qsJwDAg6WfdQRMfj6uSMcDPSpXvm/zQFeAX1uuJXhIgazH8itSfcDxcH9pMuXVRX1yQNi2pPwNQLJmAcw5mzvw=="],

    "@elysiajs/swagger": ["@elysiajs/swagger@1.2.0", "", { "dependencies": { "@scalar/themes": "^0.9.52", "@scalar/types": "^0.0.12", "openapi-types": "^12.1.3", "pathe": "^1.1.2" }, "peerDependencies": { "elysia": ">= 1.2.0" } }, "sha512-OPx93DP6rM2VHjA3D44Xiz5MYm9AYlO2NGWPsnSsdyvaOCiL9wJj529583h7arX4iIEYE5LiLB0/A45unqbopw=="],

    "@firebase/analytics": ["@firebase/analytics@0.10.11", "", { "dependencies": { "@firebase/component": "0.6.12", "@firebase/installations": "0.6.12", "@firebase/logger": "0.4.4", "@firebase/util": "1.10.3", "tslib": "^2.1.0" }, "peerDependencies": { "@firebase/app": "0.x" } }, "sha512-zwuPiRE0+hgcS95JZbJ6DFQN4xYFO8IyGxpeePTV51YJMwCf3lkBa6FnZ/iXIqDKcBPMgMuuEZozI0BJWaLEYg=="],

    "@firebase/analytics-compat": ["@firebase/analytics-compat@0.2.17", "", { "dependencies": { "@firebase/analytics": "0.10.11", "@firebase/analytics-types": "0.8.3", "@firebase/component": "0.6.12", "@firebase/util": "1.10.3", "tslib": "^2.1.0" }, "peerDependencies": { "@firebase/app-compat": "0.x" } }, "sha512-SJNVOeTvzdqZQvXFzj7yAirXnYcLDxh57wBFROfeowq/kRN1AqOw1tG6U4OiFOEhqi7s3xLze/LMkZatk2IEww=="],

    "@firebase/analytics-types": ["@firebase/analytics-types@0.8.3", "", {}, "sha512-VrIp/d8iq2g501qO46uGz3hjbDb8xzYMrbu8Tp0ovzIzrvJZ2fvmj649gTjge/b7cCCcjT0H37g1gVtlNhnkbg=="],

    "@firebase/app": ["@firebase/app@0.10.18", "", { "dependencies": { "@firebase/component": "0.6.12", "@firebase/logger": "0.4.4", "@firebase/util": "1.10.3", "idb": "7.1.1", "tslib": "^2.1.0" } }, "sha512-VuqEwD/QRisKd/zsFsqgvSAx34mZ3WEF47i97FD6Vw4GWAhdjepYf0Hmi6K0b4QMSgWcv/x0C30Slm5NjjERXg=="],

    "@firebase/app-check": ["@firebase/app-check@0.8.11", "", { "dependencies": { "@firebase/component": "0.6.12", "@firebase/logger": "0.4.4", "@firebase/util": "1.10.3", "tslib": "^2.1.0" }, "peerDependencies": { "@firebase/app": "0.x" } }, "sha512-42zIfRI08/7bQqczAy7sY2JqZYEv3a1eNa4fLFdtJ54vNevbBIRSEA3fZgRqWFNHalh5ohsBXdrYgFqaRIuCcQ=="],

    "@firebase/app-check-compat": ["@firebase/app-check-compat@0.3.18", "", { "dependencies": { "@firebase/app-check": "0.8.11", "@firebase/app-check-types": "0.5.3", "@firebase/component": "0.6.12", "@firebase/logger": "0.4.4", "@firebase/util": "1.10.3", "tslib": "^2.1.0" }, "peerDependencies": { "@firebase/app-compat": "0.x" } }, "sha512-qjozwnwYmAIdrsVGrJk+hnF1WBois54IhZR6gO0wtZQoTvWL/GtiA2F31TIgAhF0ayUiZhztOv1RfC7YyrZGDQ=="],

    "@firebase/app-check-interop-types": ["@firebase/app-check-interop-types@0.3.3", "", {}, "sha512-gAlxfPLT2j8bTI/qfe3ahl2I2YcBQ8cFIBdhAQA4I2f3TndcO+22YizyGYuttLHPQEpWkhmpFW60VCFEPg4g5A=="],

    "@firebase/app-check-types": ["@firebase/app-check-types@0.5.3", "", {}, "sha512-hyl5rKSj0QmwPdsAxrI5x1otDlByQ7bvNvVt8G/XPO2CSwE++rmSVf3VEhaeOR4J8ZFaF0Z0NDSmLejPweZ3ng=="],

    "@firebase/app-compat": ["@firebase/app-compat@0.2.48", "", { "dependencies": { "@firebase/app": "0.10.18", "@firebase/component": "0.6.12", "@firebase/logger": "0.4.4", "@firebase/util": "1.10.3", "tslib": "^2.1.0" } }, "sha512-wVNU1foBIaJncUmiALyRxhHHHC3ZPMLIETTAk+2PG87eP9B/IDBsYUiTpHyboDPEI8CgBPat/zN2v+Snkz6lBw=="],

    "@firebase/app-types": ["@firebase/app-types@0.9.3", "", {}, "sha512-kRVpIl4vVGJ4baogMDINbyrIOtOxqhkZQg4jTq3l8Lw6WSk0xfpEYzezFu+Kl4ve4fbPl79dvwRtaFqAC/ucCw=="],

    "@firebase/auth": ["@firebase/auth@1.8.2", "", { "dependencies": { "@firebase/component": "0.6.12", "@firebase/logger": "0.4.4", "@firebase/util": "1.10.3", "tslib": "^2.1.0" }, "peerDependencies": { "@firebase/app": "0.x", "@react-native-async-storage/async-storage": "^1.18.1" }, "optionalPeers": ["@react-native-async-storage/async-storage"] }, "sha512-q+071y2LWe0bVnjqaX3BscqZwzdP0GKN2YBKapLq4bV88MPfCtWwGKmDhNDEDUmioOjudGXkUY5cvvKqk3mlUg=="],

    "@firebase/auth-compat": ["@firebase/auth-compat@0.5.17", "", { "dependencies": { "@firebase/auth": "1.8.2", "@firebase/auth-types": "0.12.3", "@firebase/component": "0.6.12", "@firebase/util": "1.10.3", "tslib": "^2.1.0" }, "peerDependencies": { "@firebase/app-compat": "0.x" } }, "sha512-Shi6rqLqzU9KLXnUCmlLvVByq1kiG3oe7Wpbf5m1CgS7NiRx2pSSn0HLaRRozdkaizNzMGGj+3oHmNYQ7kU6xA=="],

    "@firebase/auth-interop-types": ["@firebase/auth-interop-types@0.2.4", "", {}, "sha512-JPgcXKCuO+CWqGDnigBtvo09HeBs5u/Ktc2GaFj2m01hLarbxthLNm7Fk8iOP1aqAtXV+fnnGj7U28xmk7IwVA=="],

    "@firebase/auth-types": ["@firebase/auth-types@0.12.3", "", { "peerDependencies": { "@firebase/app-types": "0.x", "@firebase/util": "1.x" } }, "sha512-Zq9zI0o5hqXDtKg6yDkSnvMCMuLU6qAVS51PANQx+ZZX5xnzyNLEBO3GZgBUPsV5qIMFhjhqmLDxUqCbnAYy2A=="],

    "@firebase/component": ["@firebase/component@0.6.12", "", { "dependencies": { "@firebase/util": "1.10.3", "tslib": "^2.1.0" } }, "sha512-YnxqjtohLbnb7raXt2YuA44cC1wA9GiehM/cmxrsoxKlFxBLy2V0OkRSj9gpngAE0UoJ421Wlav9ycO7lTPAUw=="],

    "@firebase/data-connect": ["@firebase/data-connect@0.2.0", "", { "dependencies": { "@firebase/auth-interop-types": "0.2.4", "@firebase/component": "0.6.12", "@firebase/logger": "0.4.4", "@firebase/util": "1.10.3", "tslib": "^2.1.0" }, "peerDependencies": { "@firebase/app": "0.x" } }, "sha512-7OrZtQoLSk2fiGijhIdUnTSqEFti3h1EMhw9nNiSZ6jJGduw4Pz6jrVvxjpZJtGH/JiljbMkBnPBS2h8CTRKEw=="],

    "@firebase/database": ["@firebase/database@1.0.11", "", { "dependencies": { "@firebase/app-check-interop-types": "0.3.3", "@firebase/auth-interop-types": "0.2.4", "@firebase/component": "0.6.12", "@firebase/logger": "0.4.4", "@firebase/util": "1.10.3", "faye-websocket": "0.11.4", "tslib": "^2.1.0" } }, "sha512-gLrw/XeioswWUXgpVKCPAzzoOuvYNqK5fRUeiJTzO7Mlp9P6ylFEyPJlRBl1djqYye641r3MX6AmIeMXwjgwuQ=="],

    "@firebase/database-compat": ["@firebase/database-compat@2.0.2", "", { "dependencies": { "@firebase/component": "0.6.12", "@firebase/database": "1.0.11", "@firebase/database-types": "1.0.8", "@firebase/logger": "0.4.4", "@firebase/util": "1.10.3", "tslib": "^2.1.0" } }, "sha512-5zvdnMsfDHvrQAVM6jBS7CkBpu+z3YbpFdhxRsrK1FP45IEfxlzpeuEUb17D/tpM10vfq4Ok0x5akIBaCv7gfA=="],

    "@firebase/database-types": ["@firebase/database-types@1.0.8", "", { "dependencies": { "@firebase/app-types": "0.9.3", "@firebase/util": "1.10.3" } }, "sha512-6lPWIGeufhUq1heofZULyVvWFhD01TUrkkB9vyhmksjZ4XF7NaivQp9rICMk7QNhqwa+uDCaj4j+Q8qqcSVZ9g=="],

    "@firebase/firestore": ["@firebase/firestore@4.7.6", "", { "dependencies": { "@firebase/component": "0.6.12", "@firebase/logger": "0.4.4", "@firebase/util": "1.10.3", "@firebase/webchannel-wrapper": "1.0.3", "@grpc/grpc-js": "~1.9.0", "@grpc/proto-loader": "^0.7.8", "tslib": "^2.1.0" }, "peerDependencies": { "@firebase/app": "0.x" } }, "sha512-aVDboR+upR/44qZDLR4tnZ9pepSOFBbDJnwk7eWzmTyQq2nZAVG+HIhrqpQawmUVcDRkuJv2K2UT2+oqR8F8TA=="],

    "@firebase/firestore-compat": ["@firebase/firestore-compat@0.3.41", "", { "dependencies": { "@firebase/component": "0.6.12", "@firebase/firestore": "4.7.6", "@firebase/firestore-types": "3.0.3", "@firebase/util": "1.10.3", "tslib": "^2.1.0" }, "peerDependencies": { "@firebase/app-compat": "0.x" } }, "sha512-J/PgWKEt0yugETOE7lOabT16hsV21cLzSxERD7ZhaiwBQkBTSf0Mx9RhjZRT0Ttqe4weM90HGZFyUBqYA73fVA=="],

    "@firebase/firestore-types": ["@firebase/firestore-types@3.0.3", "", { "peerDependencies": { "@firebase/app-types": "0.x", "@firebase/util": "1.x" } }, "sha512-hD2jGdiWRxB/eZWF89xcK9gF8wvENDJkzpVFb4aGkzfEaKxVRD1kjz1t1Wj8VZEp2LCB53Yx1zD8mrhQu87R6Q=="],

    "@firebase/functions": ["@firebase/functions@0.12.1", "", { "dependencies": { "@firebase/app-check-interop-types": "0.3.3", "@firebase/auth-interop-types": "0.2.4", "@firebase/component": "0.6.12", "@firebase/messaging-interop-types": "0.2.3", "@firebase/util": "1.10.3", "tslib": "^2.1.0" }, "peerDependencies": { "@firebase/app": "0.x" } }, "sha512-QucRiFrvMMmIGTRhL7ZK2IeBnAWP7lAmfFREMpEtX47GjVqDqGxdFs+Mg7XBzxSc9UjDO4Rxf+aE9xJHU6bGwg=="],

    "@firebase/functions-compat": ["@firebase/functions-compat@0.3.18", "", { "dependencies": { "@firebase/component": "0.6.12", "@firebase/functions": "0.12.1", "@firebase/functions-types": "0.6.3", "@firebase/util": "1.10.3", "tslib": "^2.1.0" }, "peerDependencies": { "@firebase/app-compat": "0.x" } }, "sha512-N7+RN5GVus2ORB8cqfSNhfSn4iaYws6F8uCCfn4mtjC7zYS/KH6muzNAhZUdUqlv5YazbVmvxlAoYYF39i8Qzg=="],

    "@firebase/functions-types": ["@firebase/functions-types@0.6.3", "", {}, "sha512-EZoDKQLUHFKNx6VLipQwrSMh01A1SaL3Wg6Hpi//x6/fJ6Ee4hrAeswK99I5Ht8roiniKHw4iO0B1Oxj5I4plg=="],

    "@firebase/installations": ["@firebase/installations@0.6.12", "", { "dependencies": { "@firebase/component": "0.6.12", "@firebase/util": "1.10.3", "idb": "7.1.1", "tslib": "^2.1.0" }, "peerDependencies": { "@firebase/app": "0.x" } }, "sha512-ES/WpuAV2k2YtBTvdaknEo7IY8vaGjIjS3zhnHSAIvY9KwTR8XZFXOJoZ3nSkjN1A5R4MtEh+07drnzPDg9vaw=="],

    "@firebase/installations-compat": ["@firebase/installations-compat@0.2.12", "", { "dependencies": { "@firebase/component": "0.6.12", "@firebase/installations": "0.6.12", "@firebase/installations-types": "0.5.3", "@firebase/util": "1.10.3", "tslib": "^2.1.0" }, "peerDependencies": { "@firebase/app-compat": "0.x" } }, "sha512-RhcGknkxmFu92F6Jb3rXxv6a4sytPjJGifRZj8MSURPuv2Xu+/AispCXEfY1ZraobhEHTG5HLGsP6R4l9qB5aA=="],

    "@firebase/installations-types": ["@firebase/installations-types@0.5.3", "", { "peerDependencies": { "@firebase/app-types": "0.x" } }, "sha512-2FJI7gkLqIE0iYsNQ1P751lO3hER+Umykel+TkLwHj6plzWVxqvfclPUZhcKFVQObqloEBTmpi2Ozn7EkCABAA=="],

    "@firebase/logger": ["@firebase/logger@0.4.4", "", { "dependencies": { "tslib": "^2.1.0" } }, "sha512-mH0PEh1zoXGnaR8gD1DeGeNZtWFKbnz9hDO91dIml3iou1gpOnLqXQ2dJfB71dj6dpmUjcQ6phY3ZZJbjErr9g=="],

    "@firebase/messaging": ["@firebase/messaging@0.12.16", "", { "dependencies": { "@firebase/component": "0.6.12", "@firebase/installations": "0.6.12", "@firebase/messaging-interop-types": "0.2.3", "@firebase/util": "1.10.3", "idb": "7.1.1", "tslib": "^2.1.0" }, "peerDependencies": { "@firebase/app": "0.x" } }, "sha512-VJ8sCEIeP3+XkfbJA7410WhYGHdloYFZXoHe/vt+vNVDGw8JQPTQSVTRvjrUprEf5I4Tbcnpr2H34lS6zhCHSA=="],

    "@firebase/messaging-compat": ["@firebase/messaging-compat@0.2.16", "", { "dependencies": { "@firebase/component": "0.6.12", "@firebase/messaging": "0.12.16", "@firebase/util": "1.10.3", "tslib": "^2.1.0" }, "peerDependencies": { "@firebase/app-compat": "0.x" } }, "sha512-9HZZ88Ig3zQ0ok/Pwt4gQcNsOhoEy8hDHoGsV1am6ulgMuGuDVD2gl11Lere2ksL+msM12Lddi2x/7TCqmODZw=="],

    "@firebase/messaging-interop-types": ["@firebase/messaging-interop-types@0.2.3", "", {}, "sha512-xfzFaJpzcmtDjycpDeCUj0Ge10ATFi/VHVIvEEjDNc3hodVBQADZ7BWQU7CuFpjSHE+eLuBI13z5F/9xOoGX8Q=="],

    "@firebase/performance": ["@firebase/performance@0.6.12", "", { "dependencies": { "@firebase/component": "0.6.12", "@firebase/installations": "0.6.12", "@firebase/logger": "0.4.4", "@firebase/util": "1.10.3", "tslib": "^2.1.0" }, "peerDependencies": { "@firebase/app": "0.x" } }, "sha512-8mYL4z2jRlKXAi2hjk4G7o2sQLnJCCuTbyvti/xmHf5ZvOIGB01BZec0aDuBIXO+H1MLF62dbye/k91Fr+yc8g=="],

    "@firebase/performance-compat": ["@firebase/performance-compat@0.2.12", "", { "dependencies": { "@firebase/component": "0.6.12", "@firebase/logger": "0.4.4", "@firebase/performance": "0.6.12", "@firebase/performance-types": "0.2.3", "@firebase/util": "1.10.3", "tslib": "^2.1.0" }, "peerDependencies": { "@firebase/app-compat": "0.x" } }, "sha512-DyCbDTIwtBTGsEiQxTz/TD23a0na2nrDozceQ5kVkszyFYvliB0YK/9el0wAGIG91SqgTG9pxHtYErzfZc0VWw=="],

    "@firebase/performance-types": ["@firebase/performance-types@0.2.3", "", {}, "sha512-IgkyTz6QZVPAq8GSkLYJvwSLr3LS9+V6vNPQr0x4YozZJiLF5jYixj0amDtATf1X0EtYHqoPO48a9ija8GocxQ=="],

    "@firebase/remote-config": ["@firebase/remote-config@0.5.0", "", { "dependencies": { "@firebase/component": "0.6.12", "@firebase/installations": "0.6.12", "@firebase/logger": "0.4.4", "@firebase/util": "1.10.3", "tslib": "^2.1.0" }, "peerDependencies": { "@firebase/app": "0.x" } }, "sha512-weiEbpBp5PBJTHUWR4GwI7ZacaAg68BKha5QnZ8Go65W4oQjEWqCW/rfskABI/OkrGijlL3CUmCB/SA6mVo0qA=="],

    "@firebase/remote-config-compat": ["@firebase/remote-config-compat@0.2.12", "", { "dependencies": { "@firebase/component": "0.6.12", "@firebase/logger": "0.4.4", "@firebase/remote-config": "0.5.0", "@firebase/remote-config-types": "0.4.0", "@firebase/util": "1.10.3", "tslib": "^2.1.0" }, "peerDependencies": { "@firebase/app-compat": "0.x" } }, "sha512-91jLWPtubIuPBngg9SzwvNCWzhMLcyBccmt7TNZP+y1cuYFNOWWHKUXQ3IrxCLB7WwLqQaEu7fTDAjHsTyBsSw=="],

    "@firebase/remote-config-types": ["@firebase/remote-config-types@0.4.0", "", {}, "sha512-7p3mRE/ldCNYt8fmWMQ/MSGRmXYlJ15Rvs9Rk17t8p0WwZDbeK7eRmoI1tvCPaDzn9Oqh+yD6Lw+sGLsLg4kKg=="],

    "@firebase/storage": ["@firebase/storage@0.13.5", "", { "dependencies": { "@firebase/component": "0.6.12", "@firebase/util": "1.10.3", "tslib": "^2.1.0" }, "peerDependencies": { "@firebase/app": "0.x" } }, "sha512-sB/7HNuW0N9tITyD0RxVLNCROuCXkml5i/iPqjwOGKC0xiUfpCOjBE+bb0ABMoN1qYZfqk0y9IuI2TdomjmkNw=="],

    "@firebase/storage-compat": ["@firebase/storage-compat@0.3.15", "", { "dependencies": { "@firebase/component": "0.6.12", "@firebase/storage": "0.13.5", "@firebase/storage-types": "0.8.3", "@firebase/util": "1.10.3", "tslib": "^2.1.0" }, "peerDependencies": { "@firebase/app-compat": "0.x" } }, "sha512-Z9afjrK2O9o1ZHWCpprCGZ1BTc3BbvpZvi6tkSteC8H3W/fMM6x+RoSunlzD3hEVV5bkbwdJIqNClLMchvyoPA=="],

    "@firebase/storage-types": ["@firebase/storage-types@0.8.3", "", { "peerDependencies": { "@firebase/app-types": "0.x", "@firebase/util": "1.x" } }, "sha512-+Muk7g9uwngTpd8xn9OdF/D48uiQ7I1Fae7ULsWPuKoCH3HU7bfFPhxtJYzyhjdniowhuDpQcfPmuNRAqZEfvg=="],

    "@firebase/util": ["@firebase/util@1.10.3", "", { "dependencies": { "tslib": "^2.1.0" } }, "sha512-wfoF5LTy0m2ufUapV0ZnpcGQvuavTbJ5Qr1Ze9OJGL70cSMvhDyjS4w2121XdA3lGZSTOsDOyGhpoDtYwck85A=="],

    "@firebase/vertexai": ["@firebase/vertexai@1.0.3", "", { "dependencies": { "@firebase/app-check-interop-types": "0.3.3", "@firebase/component": "0.6.12", "@firebase/logger": "0.4.4", "@firebase/util": "1.10.3", "tslib": "^2.1.0" }, "peerDependencies": { "@firebase/app": "0.x", "@firebase/app-types": "0.x" } }, "sha512-SQHg/RPb3LwQs/xiLcvAZYz9NXyDSZUIIwvgsKh6e4wdULAfyPCZIu6Y2ZYIhZLfk9Q44cKZ+++7RPTaqQJdYA=="],

    "@firebase/webchannel-wrapper": ["@firebase/webchannel-wrapper@1.0.3", "", {}, "sha512-2xCRM9q9FlzGZCdgDMJwc0gyUkWFtkosy7Xxr6sFgQwn+wMNIWd7xIvYNauU1r64B5L5rsGKy/n9TKJ0aAFeqQ=="],

    "@grpc/grpc-js": ["@grpc/grpc-js@1.9.15", "", { "dependencies": { "@grpc/proto-loader": "^0.7.8", "@types/node": ">=12.12.47" } }, "sha512-nqE7Hc0AzI+euzUwDAy0aY5hCp10r734gMGRdU+qOPX0XSceI2ULrcXB5U2xSc5VkWwalCj4M7GzCAygZl2KoQ=="],

    "@grpc/proto-loader": ["@grpc/proto-loader@0.7.13", "", { "dependencies": { "lodash.camelcase": "^4.3.0", "long": "^5.0.0", "protobufjs": "^7.2.5", "yargs": "^17.7.2" }, "bin": { "proto-loader-gen-types": "build/bin/proto-loader-gen-types.js" } }, "sha512-AiXO/bfe9bmxBjxxtYxFAXGZvMaN5s8kO+jBHAJCON8rJoB5YS/D6X7ZNc6XQkuHNmyl4CYaMI1fJ/Gn27RGGw=="],

    "@mongodb-js/saslprep": ["@mongodb-js/saslprep@1.1.9", "", { "dependencies": { "sparse-bitfield": "^3.0.3" } }, "sha512-tVkljjeEaAhCqTzajSdgbQ6gE6f3oneVwa3iXR6csiEwXXOFsiC6Uh9iAjAhXPtqa/XMDHWjjeNH/77m/Yq2dw=="],

    "@phc/format": ["@phc/format@1.0.0", "", {}, "sha512-m7X9U6BG2+J+R1lSOdCiITLLrxm+cWlNI3HUFA92oLO77ObGNzaKdh8pMLqdZcshtkKuV84olNNXDfMc4FezBQ=="],

    "@protobufjs/aspromise": ["@protobufjs/aspromise@1.1.2", "", {}, "sha512-j+gKExEuLmKwvz3OgROXtrJ2UG2x8Ch2YZUxahh+s1F2HZ+wAceUNLkvy6zKCPVRkU++ZWQrdxsUeQXmcg4uoQ=="],

    "@protobufjs/base64": ["@protobufjs/base64@1.1.2", "", {}, "sha512-AZkcAA5vnN/v4PDqKyMR5lx7hZttPDgClv83E//FMNhR2TMcLUhfRUBHCmSl0oi9zMgDDqRUJkSxO3wm85+XLg=="],

    "@protobufjs/codegen": ["@protobufjs/codegen@2.0.4", "", {}, "sha512-YyFaikqM5sH0ziFZCN3xDC7zeGaB/d0IUb9CATugHWbd1FRFwWwt4ld4OYMPWu5a3Xe01mGAULCdqhMlPl29Jg=="],

    "@protobufjs/eventemitter": ["@protobufjs/eventemitter@1.1.0", "", {}, "sha512-j9ednRT81vYJ9OfVuXG6ERSTdEL1xVsNgqpkxMsbIabzSo3goCjDIveeGv5d03om39ML71RdmrGNjG5SReBP/Q=="],

    "@protobufjs/fetch": ["@protobufjs/fetch@1.1.0", "", { "dependencies": { "@protobufjs/aspromise": "^1.1.1", "@protobufjs/inquire": "^1.1.0" } }, "sha512-lljVXpqXebpsijW71PZaCYeIcE5on1w5DlQy5WH6GLbFryLUrBD4932W/E2BSpfRJWseIL4v/KPgBFxDOIdKpQ=="],

    "@protobufjs/float": ["@protobufjs/float@1.0.2", "", {}, "sha512-Ddb+kVXlXst9d+R9PfTIxh1EdNkgoRe5tOX6t01f1lYWOvJnSPDBlG241QLzcyPdoNTsblLUdujGSE4RzrTZGQ=="],

    "@protobufjs/inquire": ["@protobufjs/inquire@1.1.0", "", {}, "sha512-kdSefcPdruJiFMVSbn801t4vFK7KB/5gd2fYvrxhuJYg8ILrmn9SKSX2tZdV6V+ksulWqS7aXjBcRXl3wHoD9Q=="],

    "@protobufjs/path": ["@protobufjs/path@1.1.2", "", {}, "sha512-6JOcJ5Tm08dOHAbdR3GrvP+yUUfkjG5ePsHYczMFLq3ZmMkAD98cDgcT2iA1lJ9NVwFd4tH/iSSoe44YWkltEA=="],

    "@protobufjs/pool": ["@protobufjs/pool@1.1.0", "", {}, "sha512-0kELaGSIDBKvcgS4zkjz1PeddatrjYcmMWOlAuAPwAeccUrPHdUqo/J6LiymHHEiJT5NrF1UVwxY14f+fy4WQw=="],

    "@protobufjs/utf8": ["@protobufjs/utf8@1.1.0", "", {}, "sha512-Vvn3zZrhQZkkBE8LSuW3em98c0FwgO4nxzv6OdSxPKJIEKY2bGbHn+mhGIPerzI4twdxaP8/0+06HBpwf345Lw=="],

    "@scalar/openapi-types": ["@scalar/openapi-types@0.1.1", "", {}, "sha512-NMy3QNk6ytcCoPUGJH0t4NNr36OWXgZhA3ormr3TvhX1NDgoF95wFyodGVH8xiHeUyn2/FxtETm8UBLbB5xEmg=="],

    "@scalar/themes": ["@scalar/themes@0.9.62", "", { "dependencies": { "@scalar/types": "0.0.28" } }, "sha512-dLJGGjZ5+z9GL98fhQsVRSyoUdDawczpjH0kt6DC4t42iyqX3dU0w5tMuQfPceoBHhvvRMGmqtl/Wn7zEgd6qA=="],

    "@scalar/types": ["@scalar/types@0.0.12", "", { "dependencies": { "@scalar/openapi-types": "0.1.1", "@unhead/schema": "^1.9.5" } }, "sha512-XYZ36lSEx87i4gDqopQlGCOkdIITHHEvgkuJFrXFATQs9zHARop0PN0g4RZYWj+ZpCUclOcaOjbCt8JGe22mnQ=="],

    "@sinclair/typebox": ["@sinclair/typebox@0.34.14", "", {}, "sha512-TJ7Al17j3+by5y2QkTLcF/oBVMbgXBhILVgi9PuwpxQVZZvGh5BFRzWbJPmZVNKpbRLjuMzFuRwR+tdFPqCkvA=="],

    "@types/node": ["@types/node@22.12.0", "", { "dependencies": { "undici-types": "~6.20.0" } }, "sha512-Fll2FZ1riMjNmlmJOdAyY5pUbkftXslB5DgEzlIuNaiWhXd00FhWxVC/r4yV/4wBb9JfImTu+jiSvXTkJ7F/gA=="],

    "@types/uuid": ["@types/uuid@8.3.4", "", {}, "sha512-c/I8ZRb51j+pYGAu5CrFMRxqZ2ke4y2grEBO5AUjgSkSk+qT2Ea+OdWElz/OiMf5MNpn2b17kuVBwZLQJXzihw=="],

    "@types/webidl-conversions": ["@types/webidl-conversions@7.0.3", "", {}, "sha512-CiJJvcRtIgzadHCYXw7dqEnMNRjhGZlYK05Mj9OyktqV8uVT8fD2BFOB7S1uwBE3Kj2Z+4UyPmFw/Ixgw/LAlA=="],

    "@types/whatwg-url": ["@types/whatwg-url@11.0.5", "", { "dependencies": { "@types/webidl-conversions": "*" } }, "sha512-coYR071JRaHa+xoEvvYqvnIHaVqaYrLPbsufM9BF63HkwI5Lgmy2QR8Q5K/lYDYo5AK82wOvSOS0UsLTpTG7uQ=="],

    "@types/ws": ["@types/ws@8.5.14", "", { "dependencies": { "@types/node": "*" } }, "sha512-bd/YFLW+URhBzMXurx7lWByOu+xzU9+kb3RboOteXYDfW+tr+JZa99OyNmPINEGB/ahzKrEuc8rcv4gnpJmxTw=="],

    "@unhead/schema": ["@unhead/schema@1.11.18", "", { "dependencies": { "hookable": "^5.5.3", "zhead": "^2.2.4" } }, "sha512-a3TA/OJCRdfbFhcA3Hq24k1ZU1o9szicESrw8DZcGyQFacHnh84mVgnyqSkMnwgCmfN4kvjSiTBlLEHS6+wATw=="],

    "@zodyac/zod-mongoose": ["@zodyac/zod-mongoose@3.2.0", "", { "dependencies": { "mongoose": "^8.0.3", "zod": "^3.22.4" } }, "sha512-M399CbDkYJa2AYjawc4PaANk6LCD9vM/B66GNJ7EqJlh3A3BTrOSMEcIatxqUCToKQj6x5O9i3yhM2LqMqutJg=="],

    "ansi-regex": ["ansi-regex@5.0.1", "", {}, "sha512-quJQXlTSUGL2LH9SUXo8VwsY4soanhgo6LNSm84E1LBcE8s3O0wpdiRzyR9z/ZZJMlMWv37qOOb9pdJlMUEKFQ=="],

    "ansi-styles": ["ansi-styles@4.3.0", "", { "dependencies": { "color-convert": "^2.0.1" } }, "sha512-zbB9rCJAT1rbjiVDb2hqKFHNYLxgtk8NURxZ3IZwD3F6NtxbXZQCnnSi1Lkx+IDohdPlFp222wVALIheZJQSEg=="],

    "argon2": ["argon2@0.41.1", "", { "dependencies": { "@phc/format": "^1.0.0", "node-addon-api": "^8.1.0", "node-gyp-build": "^4.8.1" } }, "sha512-dqCW8kJXke8Ik+McUcMDltrbuAWETPyU6iq+4AhxqKphWi7pChB/Zgd/Tp/o8xRLbg8ksMj46F/vph9wnxpTzQ=="],

    "bson": ["bson@6.10.1", "", {}, "sha512-P92xmHDQjSKPLHqFxefqMxASNq/aWJMEZugpCjf+AF/pgcUpMMQCg7t7+ewko0/u8AapvF3luf/FoehddEK+sA=="],

    "bun-types": ["bun-types@1.2.1", "", { "dependencies": { "@types/node": "*", "@types/ws": "~8.5.10" } }, "sha512-p7bmXUWmrPWxhcbFVk7oUXM5jAGt94URaoa3qf4mz43MEhNAo/ot1urzBqctgvuq7y9YxkuN51u+/qm4BiIsHw=="],

    "chalk": ["chalk@4.1.2", "", { "dependencies": { "ansi-styles": "^4.1.0", "supports-color": "^7.1.0" } }, "sha512-oKnbhFyRIXpUuez8iBMmyEa4nbj4IOQyuhc/wy9kY7/WVPcwIO9VA668Pu8RkO7+0G76SLROeyw9CpQ061i4mA=="],

    "cliui": ["cliui@8.0.1", "", { "dependencies": { "string-width": "^4.2.0", "strip-ansi": "^6.0.1", "wrap-ansi": "^7.0.0" } }, "sha512-BSeNnyus75C4//NQ9gQt1/csTXyo/8Sb+afLAkzAptFuMsod9HFokGNudZpi/oQV73hnVK+sR+5PVRMd+Dr7YQ=="],

    "color-convert": ["color-convert@2.0.1", "", { "dependencies": { "color-name": "~1.1.4" } }, "sha512-RRECPsj7iu/xb5oKYcsFHSppFNnsj/52OVTRKb4zP5onXwVF3zVmmToNcOfGC+CRDpfK/U584fMg38ZHCaElKQ=="],

    "color-name": ["color-name@1.1.4", "", {}, "sha512-dOy+3AuW3a2wNbZHIuMZpTcgjGuLU/uBL/ubcZF9OXbDo8ff4O8yVp5Bf0efS8uEoYo5q4Fx7dY9OgQGXgAsQA=="],

    "concurrently": ["concurrently@9.1.2", "", { "dependencies": { "chalk": "^4.1.2", "lodash": "^4.17.21", "rxjs": "^7.8.1", "shell-quote": "^1.8.1", "supports-color": "^8.1.1", "tree-kill": "^1.2.2", "yargs": "^17.7.2" }, "bin": { "concurrently": "dist/bin/concurrently.js", "conc": "dist/bin/concurrently.js" } }, "sha512-H9MWcoPsYddwbOGM6difjVwVZHl63nwMEwDJG/L7VGtuaJhb12h2caPG2tVPWs7emuYix252iGfqOyrz1GczTQ=="],

    "cookie": ["cookie@1.0.2", "", {}, "sha512-9Kr/j4O16ISv8zBBhJoi4bXOYNTkFLOqSL3UDB0njXxCXNezjeyVrJyGOWtgfs/q2km1gwBcfH8q1yEGoMYunA=="],

    "debug": ["debug@4.4.0", "", { "dependencies": { "ms": "^2.1.3" } }, "sha512-6WTZ/IxCY/T6BALoZHaE4ctp9xm+Z5kY/pzYaCHRFeyVhojxlrm+46y68HA6hr0TcwEssoxNiDEUJQjfPZ/RYA=="],

    "elysia": ["elysia@1.2.10", "", { "dependencies": { "@sinclair/typebox": "^0.34.13", "cookie": "^1.0.2", "memoirist": "^0.2.0", "openapi-types": "^12.1.3" }, "peerDependencies": { "typescript": ">= 5.0.0" }, "optionalPeers": ["typescript"] }, "sha512-QcNl2FjhHFRpKaqy1NoMpyCjJ7OcKBnHwLUkqGu09QwIV84PFb82ILvYJG4GS1RbGv76OA50luaqBLrM3SLZ2w=="],

    "emoji-regex": ["emoji-regex@8.0.0", "", {}, "sha512-MSjYzcWNOA0ewAHpz0MxpYFvwg6yjy1NG3xteoqz644VCo/RPgnr1/GGt+ic3iJTzQ8Eu3TdM14SawnVUmGE6A=="],

    "escalade": ["escalade@3.2.0", "", {}, "sha512-WUj2qlxaQtO4g6Pq5c29GTcWGDyd8itL8zTlipgECz3JesAiiOKotd8JU6otB3PACgG6xkJUyVhboMS+bje/jA=="],

    "faye-websocket": ["faye-websocket@0.11.4", "", { "dependencies": { "websocket-driver": ">=0.5.1" } }, "sha512-CzbClwlXAuiRQAlUyfqPgvPoNKTckTPGfwZV4ZdAhVcP2lh9KUxJg2b5GkE7XbjKQ3YJnQ9z6D9ntLAlB+tP8g=="],

    "firebase": ["firebase@11.2.0", "", { "dependencies": { "@firebase/analytics": "0.10.11", "@firebase/analytics-compat": "0.2.17", "@firebase/app": "0.10.18", "@firebase/app-check": "0.8.11", "@firebase/app-check-compat": "0.3.18", "@firebase/app-compat": "0.2.48", "@firebase/app-types": "0.9.3", "@firebase/auth": "1.8.2", "@firebase/auth-compat": "0.5.17", "@firebase/data-connect": "0.2.0", "@firebase/database": "1.0.11", "@firebase/database-compat": "2.0.2", "@firebase/firestore": "4.7.6", "@firebase/firestore-compat": "0.3.41", "@firebase/functions": "0.12.1", "@firebase/functions-compat": "0.3.18", "@firebase/installations": "0.6.12", "@firebase/installations-compat": "0.2.12", "@firebase/messaging": "0.12.16", "@firebase/messaging-compat": "0.2.16", "@firebase/performance": "0.6.12", "@firebase/performance-compat": "0.2.12", "@firebase/remote-config": "0.5.0", "@firebase/remote-config-compat": "0.2.12", "@firebase/storage": "0.13.5", "@firebase/storage-compat": "0.3.15", "@firebase/util": "1.10.3", "@firebase/vertexai": "1.0.3" } }, "sha512-ztwPhBLAZMVNZjBeQzzTM4rk2rsRXmdFYcnvjAXh+StbiFVshHKaPO9VRGMUzF48du4Mkz6jN1wkmYCuUJPxLA=="],

    "get-caller-file": ["get-caller-file@2.0.5", "", {}, "sha512-DyFP3BM/3YHTQOCUL/w0OZHR0lpKeGrxotcHWcqNEdnltqFwXVfhEBQ94eIo34AfQpo0rGki4cyIiftY06h2Fg=="],

    "has-flag": ["has-flag@4.0.0", "", {}, "sha512-EykJT/Q1KjTWctppgIAgfSO0tKVuZUjhgMr17kqTumMl6Afv3EISleU7qZUzoXDFTAHTDC4NOoG/ZxU3EvlMPQ=="],

    "hookable": ["hookable@5.5.3", "", {}, "sha512-Yc+BQe8SvoXH1643Qez1zqLRmbA5rCL+sSmk6TVos0LWVfNIB7PGncdlId77WzLGSIB5KaWgTaNTs2lNVEI6VQ=="],

    "http-parser-js": ["http-parser-js@0.5.9", "", {}, "sha512-n1XsPy3rXVxlqxVioEWdC+0+M+SQw0DpJynwtOPo1X+ZlvdzTLtDBIJJlDQTnwZIFJrZSzSGmIOUdP8tu+SgLw=="],

    "idb": ["idb@7.1.1", "", {}, "sha512-gchesWBzyvGHRO9W8tzUWFDycow5gwjvFKfyV9FF32Y7F50yZMp7mP+T2mJIWFx49zicqyC4uefHM17o6xKIVQ=="],

    "is-fullwidth-code-point": ["is-fullwidth-code-point@3.0.0", "", {}, "sha512-zymm5+u+sCsSWyD9qNaejV3DFvhCKclKdizYaJUuHA83RLjb7nSuGnddCHGv0hk+KY7BMAlsWeK4Ueg6EV6XQg=="],

    "kareem": ["kareem@2.6.3", "", {}, "sha512-C3iHfuGUXK2u8/ipq9LfjFfXFxAZMQJJq7vLS45r3D9Y2xQ/m4S8zaR4zMLFWh9AsNPXmcFfUDhTEO8UIC/V6Q=="],

    "lodash": ["lodash@4.17.21", "", {}, "sha512-v2kDEe57lecTulaDIuNTPy3Ry4gLGJ6Z1O3vE1krgXZNrsQ+LFTGHVxVjcXPs17LhbZVGedAJv8XZ1tvj5FvSg=="],

    "lodash.camelcase": ["lodash.camelcase@4.3.0", "", {}, "sha512-TwuEnCnxbc3rAvhf/LbG7tJUDzhqXyFnv3dtzLOPgCG/hODL7WFnsbwktkD7yUV0RrreP/l1PALq/YSg6VvjlA=="],

    "long": ["long@5.2.4", "", {}, "sha512-qtzLbJE8hq7VabR3mISmVGtoXP8KGc2Z/AT8OuqlYD7JTR3oqrgwdjnk07wpj1twXxYmgDXgoKVWUG/fReSzHg=="],

    "memoirist": ["memoirist@0.2.0", "", {}, "sha512-DA1V11OWsKmYjgYHfT1luus0FtTjUbILfI9s5M+ckK29tBLON6GDhH5GwxDz7E1ou4Bdzm9vhbeCaRAWxwG+0g=="],

    "memory-pager": ["memory-pager@1.5.0", "", {}, "sha512-ZS4Bp4r/Zoeq6+NLJpP+0Zzm0pR8whtGPf1XExKLJBAczGMnSi3It14OiNCStjQjM6NU1okjQGSxgEZN8eBYKg=="],

    "mongodb": ["mongodb@6.12.0", "", { "dependencies": { "@mongodb-js/saslprep": "^1.1.9", "bson": "^6.10.1", "mongodb-connection-string-url": "^3.0.0" }, "peerDependencies": { "@aws-sdk/credential-providers": "^3.188.0", "@mongodb-js/zstd": "^1.1.0 || ^2.0.0", "gcp-metadata": "^5.2.0", "kerberos": "^2.0.1", "mongodb-client-encryption": ">=6.0.0 <7", "snappy": "^7.2.2", "socks": "^2.7.1" }, "optionalPeers": ["@aws-sdk/credential-providers", "@mongodb-js/zstd", "gcp-metadata", "kerberos", "mongodb-client-encryption", "snappy", "socks"] }, "sha512-RM7AHlvYfS7jv7+BXund/kR64DryVI+cHbVAy9P61fnb1RcWZqOW1/Wj2YhqMCx+MuYhqTRGv7AwHBzmsCKBfA=="],

    "mongodb-connection-string-url": ["mongodb-connection-string-url@3.0.2", "", { "dependencies": { "@types/whatwg-url": "^11.0.2", "whatwg-url": "^14.1.0 || ^13.0.0" } }, "sha512-rMO7CGo/9BFwyZABcKAWL8UJwH/Kc2x0g72uhDWzG48URRax5TCIcJ7Rc3RZqffZzO/Gwff/jyKwCU9TN8gehA=="],

    "mongoose": ["mongoose@8.9.6", "", { "dependencies": { "bson": "^6.10.1", "kareem": "2.6.3", "mongodb": "~6.12.0", "mpath": "0.9.0", "mquery": "5.0.0", "ms": "2.1.3", "sift": "17.1.3" } }, "sha512-ipLvXwNPVuuuq5H3lnSD0lpaRH3DlCoC6emnMVJvweTwxU29uxDJWxMsNpERDQt8JMvYF1HGVuTK+Id2BlQLCA=="],

    "mpath": ["mpath@0.9.0", "", {}, "sha512-ikJRQTk8hw5DEoFVxHG1Gn9T/xcjtdnOKIU1JTmGjZZlg9LST2mBLmcX3/ICIbgJydT2GOc15RnNy5mHmzfSew=="],

    "mquery": ["mquery@5.0.0", "", { "dependencies": { "debug": "4.x" } }, "sha512-iQMncpmEK8R8ncT8HJGsGc9Dsp8xcgYMVSbs5jgnm1lFHTZqMJTUWTDx1LBO8+mK3tPNZWFLBghQEIOULSTHZg=="],

    "ms": ["ms@2.1.3", "", {}, "sha512-6FlzubTLZG3J2a/NVCAleEhjzq5oxgHyaCU9yYXvcLsvoVaHJq/s5xXI6/XXP6tz7R9xAOtHnSO/tXtF3WRTlA=="],

    "node-addon-api": ["node-addon-api@8.3.0", "", {}, "sha512-8VOpLHFrOQlAH+qA0ZzuGRlALRA6/LVh8QJldbrC4DY0hXoMP0l4Acq8TzFC018HztWiRqyCEj2aTWY2UvnJUg=="],

    "node-gyp-build": ["node-gyp-build@4.8.4", "", { "bin": { "node-gyp-build": "bin.js", "node-gyp-build-optional": "optional.js", "node-gyp-build-test": "build-test.js" } }, "sha512-LA4ZjwlnUblHVgq0oBF3Jl/6h/Nvs5fzBLwdEF4nuxnFdsfajde4WfxtJr3CaiH+F6ewcIB/q4jQ4UzPyid+CQ=="],

    "openapi-types": ["openapi-types@12.1.3", "", {}, "sha512-N4YtSYJqghVu4iek2ZUvcN/0aqH1kRDuNqzcycDxhOUpg7GdvLa2F3DgS6yBNhInhv2r/6I0Flkn7CqL8+nIcw=="],

    "pathe": ["pathe@1.1.2", "", {}, "sha512-whLdWMYL2TwI08hn8/ZqAbrVemu0LNaNNJZX73O6qaIdCTfXutsLhMkjdENX0qhsQ9uIimo4/aQOmXkoon2nDQ=="],

    "protobufjs": ["protobufjs@7.4.0", "", { "dependencies": { "@protobufjs/aspromise": "^1.1.2", "@protobufjs/base64": "^1.1.2", "@protobufjs/codegen": "^2.0.4", "@protobufjs/eventemitter": "^1.1.0", "@protobufjs/fetch": "^1.1.0", "@protobufjs/float": "^1.0.2", "@protobufjs/inquire": "^1.1.0", "@protobufjs/path": "^1.1.2", "@protobufjs/pool": "^1.1.0", "@protobufjs/utf8": "^1.1.0", "@types/node": ">=13.7.0", "long": "^5.0.0" } }, "sha512-mRUWCc3KUU4w1jU8sGxICXH/gNS94DvI1gxqDvBzhj1JpcsimQkYiOJfwsPUykUI5ZaspFbSgmBLER8IrQ3tqw=="],

    "punycode": ["punycode@2.3.1", "", {}, "sha512-vYt7UD1U9Wg6138shLtLOvdAu+8DsC/ilFtEVHcH+wydcSpNE20AfSOduf6MkRFahL5FY7X1oU7nKVZFtfq8Fg=="],

    "require-directory": ["require-directory@2.1.1", "", {}, "sha512-fGxEI7+wsG9xrvdjsrlmL22OMTTiHRwAMroiEeMgq8gzoLC/PQr7RsRDSTLUg/bZAZtF+TVIkHc6/4RIKrui+Q=="],

    "rxjs": ["rxjs@7.8.1", "", { "dependencies": { "tslib": "^2.1.0" } }, "sha512-AA3TVj+0A2iuIoQkWEK/tqFjBq2j+6PO6Y0zJcvzLAFhEFIO3HL0vls9hWLncZbAAbK0mar7oZ4V079I/qPMxg=="],

    "safe-buffer": ["safe-buffer@5.2.1", "", {}, "sha512-rp3So07KcdmmKbGvgaNxQSJr7bGVSVk5S9Eq1F+ppbRo70+YeaDxkw5Dd8NPN+GD6bjnYm2VuPuCXmpuYvmCXQ=="],

    "shell-quote": ["shell-quote@1.8.2", "", {}, "sha512-AzqKpGKjrj7EM6rKVQEPpB288oCfnrEIuyoT9cyF4nmGa7V8Zk6f7RRqYisX8X9m+Q7bd632aZW4ky7EhbQztA=="],

    "sift": ["sift@17.1.3", "", {}, "sha512-Rtlj66/b0ICeFzYTuNvX/EF1igRbbnGSvEyT79McoZa/DeGhMyC5pWKOEsZKnpkqtSeovd5FL/bjHWC3CIIvCQ=="],

    "sparse-bitfield": ["sparse-bitfield@3.0.3", "", { "dependencies": { "memory-pager": "^1.0.2" } }, "sha512-kvzhi7vqKTfkh0PZU+2D2PIllw2ymqJKujUcyPMd9Y75Nv4nPbGJZXNhxsgdQab2BmlDct1YnfQCguEvHr7VsQ=="],

    "string-width": ["string-width@4.2.3", "", { "dependencies": { "emoji-regex": "^8.0.0", "is-fullwidth-code-point": "^3.0.0", "strip-ansi": "^6.0.1" } }, "sha512-wKyQRQpjJ0sIp62ErSZdGsjMJWsap5oRNihHhu6G7JVO/9jIB6UyevL+tXuOqrng8j/cxKTWyWUwvSTriiZz/g=="],

    "strip-ansi": ["strip-ansi@6.0.1", "", { "dependencies": { "ansi-regex": "^5.0.1" } }, "sha512-Y38VPSHcqkFrCpFnQ9vuSXmquuv5oXOKpGeT6aGrr3o3Gc9AlVa6JBfUSOCnbxGGZF+/0ooI7KrPuUSztUdU5A=="],

    "supports-color": ["supports-color@8.1.1", "", { "dependencies": { "has-flag": "^4.0.0" } }, "sha512-MpUEN2OodtUzxvKQl72cUF7RQ5EiHsGvSsVG0ia9c5RbWGL2CI4C7EpPS8UTBIplnlzZiNuV56w+FuNxy3ty2Q=="],

    "tr46": ["tr46@5.0.0", "", { "dependencies": { "punycode": "^2.3.1" } }, "sha512-tk2G5R2KRwBd+ZN0zaEXpmzdKyOYksXwywulIX95MBODjSzMIuQnQ3m8JxgbhnL1LeVo7lqQKsYa1O3Htl7K5g=="],

    "tree-kill": ["tree-kill@1.2.2", "", { "bin": { "tree-kill": "cli.js" } }, "sha512-L0Orpi8qGpRG//Nd+H90vFB+3iHnue1zSSGmNOOCh1GLJ7rUKVwV2HvijphGQS2UmhUZewS9VgvxYIdgr+fG1A=="],

    "tslib": ["tslib@2.8.1", "", {}, "sha512-oJFu94HQb+KVduSUQL7wnpmqnfmLsOA/nAh6b6EH0wCEoK0/mPeXU6c3wKDV83MkOuHPRHtSXKKU99IBazS/2w=="],

    "undici-types": ["undici-types@6.20.0", "", {}, "sha512-Ny6QZ2Nju20vw1SRHe3d9jVu6gJ+4e3+MMpqu7pqE5HT6WsTSlce++GQmK5UXS8mzV8DSYHrQH+Xrf2jVcuKNg=="],

    "uuid": ["uuid@8.3.2", "", { "bin": { "uuid": "dist/bin/uuid" } }, "sha512-+NYs2QeMWy+GWFOEm9xnn6HCDp0l7QBD7ml8zLUmJ+93Q5NF0NocErnwkTkXVFNiX3/fpC6afS8Dhb/gz7R7eg=="],

    "uuidv4": ["uuidv4@6.2.13", "", { "dependencies": { "@types/uuid": "8.3.4", "uuid": "8.3.2" } }, "sha512-AXyzMjazYB3ovL3q051VLH06Ixj//Knx7QnUSi1T//Ie3io6CpsPu9nVMOx5MoLWh6xV0B9J0hIaxungxXUbPQ=="],

    "webidl-conversions": ["webidl-conversions@7.0.0", "", {}, "sha512-VwddBukDzu71offAQR975unBIGqfKZpM+8ZX6ySk8nYhVoo5CYaZyzt3YBvYtRtO+aoGlqxPg/B87NGVZ/fu6g=="],

    "websocket-driver": ["websocket-driver@0.7.4", "", { "dependencies": { "http-parser-js": ">=0.5.1", "safe-buffer": ">=5.1.0", "websocket-extensions": ">=0.1.1" } }, "sha512-b17KeDIQVjvb0ssuSDF2cYXSg2iztliJ4B9WdsuB6J952qCPKmnVq4DyW5motImXHDC1cBT/1UezrJVsKw5zjg=="],

    "websocket-extensions": ["websocket-extensions@0.1.4", "", {}, "sha512-OqedPIGOfsDlo31UNwYbCFMSaO9m9G/0faIHj5/dZFDMFqPTcx6UwqyOy3COEaEOg/9VsGIpdqn62W5KhoKSpg=="],

    "whatwg-url": ["whatwg-url@14.1.0", "", { "dependencies": { "tr46": "^5.0.0", "webidl-conversions": "^7.0.0" } }, "sha512-jlf/foYIKywAt3x/XWKZ/3rz8OSJPiWktjmk891alJUEjiVxKX9LEO92qH3hv4aJ0mN3MWPvGMCy8jQi95xK4w=="],

    "wrap-ansi": ["wrap-ansi@7.0.0", "", { "dependencies": { "ansi-styles": "^4.0.0", "string-width": "^4.1.0", "strip-ansi": "^6.0.0" } }, "sha512-YVGIj2kamLSTxw6NsZjoBxfSwsn0ycdesmc4p+Q21c5zPuZ1pl+NfxVdxPtdHvmNVOQ6XSYG4AUtyt/Fi7D16Q=="],

    "y18n": ["y18n@5.0.8", "", {}, "sha512-0pfFzegeDWJHJIAmTLRP2DwHjdF5s7jo9tuztdQxAhINCdvS+3nGINqPd00AphqJR/0LhANUS6/+7SCb98YOfA=="],

    "yargs": ["yargs@17.7.2", "", { "dependencies": { "cliui": "^8.0.1", "escalade": "^3.1.1", "get-caller-file": "^2.0.5", "require-directory": "^2.1.1", "string-width": "^4.2.3", "y18n": "^5.0.5", "yargs-parser": "^21.1.1" } }, "sha512-7dSzzRQ++CKnNI/krKnYRV7JKKPUXMEh61soaHKg9mrWEhzFWhFnxPxGl+69cD1Ou63C13NUPCnmIcrvqCuM6w=="],

    "yargs-parser": ["yargs-parser@21.1.1", "", {}, "sha512-tVpsJW7DdjecAiFpbIB1e3qxIQsE6NoPc5/eTdrbbIC4h0LVsWhnoa3g+m2HclBIujHzsxZ4VJVA+GUuc2/LBw=="],

    "zhead": ["zhead@2.2.4", "", {}, "sha512-8F0OI5dpWIA5IGG5NHUg9staDwz/ZPxZtvGVf01j7vHqSyZ0raHY+78atOVxRqb73AotX22uV1pXt3gYSstGag=="],

    "zod": ["zod@3.24.1", "", {}, "sha512-muH7gBL9sI1nciMZV67X5fTKKBLtwpZ5VBp1vsOQzj1MhrBZ4wlVCm3gedKZWLp0Oyel8sIGfeiz54Su+OVT+A=="],

    "@scalar/themes/@scalar/types": ["@scalar/types@0.0.28", "", { "dependencies": { "@scalar/openapi-types": "0.1.6", "@unhead/schema": "^1.11.11" } }, "sha512-NRGWtxWE/YfpAiNKh/XCV5o9CaYlg8etwelux1q7VRAbZqbpti5c14a5/t2mCiFSrfoyh4ghAHuYC9n3uwnuXQ=="],

    "@zodyac/zod-mongoose/mongoose": ["mongoose@8.9.5", "", { "dependencies": { "bson": "^6.10.1", "kareem": "2.6.3", "mongodb": "~6.12.0", "mpath": "0.9.0", "mquery": "5.0.0", "ms": "2.1.3", "sift": "17.1.3" } }, "sha512-SPhOrgBm0nKV3b+IIHGqpUTOmgVL5Z3OO9AwkFEmvOZznXTvplbomstCnPOGAyungtRXE5pJTgKpKcZTdjeESg=="],

    "chalk/supports-color": ["supports-color@7.2.0", "", { "dependencies": { "has-flag": "^4.0.0" } }, "sha512-qpCAvRl9stuOHveKsn7HncJRvv501qIacKzQlO/+Lwxc9+0q2wLyv4Dfvt80/DPn2pqOBsJdDiogXGR9+OvwRw=="],

    "@scalar/themes/@scalar/types/@scalar/openapi-types": ["@scalar/openapi-types@0.1.6", "", {}, "sha512-V+KnESyVJqorJzEN0QFlu3tAImCHjnvPov6QcQvjfY7s0+CjrI3rRO3oVIRlXURTQrQGrnhxvK0SkXGAZ+dxvw=="],
  }
}
